
Microsoft Visual Studio Solution File, Format Version 12.00
Project("{FAE04EC0-301F-11D3-BF4B-00C04F79EFBC}") = "LulaTracker.Core", "LulaTracker.Core\LulaTracker.Core.csproj", "{AD88376B-17C5-4FA2-92BE-BC980F8A2FA5}"
EndProject
Project("{FAE04EC0-301F-11D3-BF4B-00C04F79EFBC}") = "LulaTracker.Application", "LulaTracker.Application\LulaTracker.Application.csproj", "{5B9F90D4-3E5C-4C08-859F-22387B35CD23}"
EndProject
Project("{FAE04EC0-301F-11D3-BF4B-00C04F79EFBC}") = "LulaTracker.Data", "LulaTracker.Data\LulaTracker.Data.csproj", "{15DEA05A-F457-4882-B019-95BADF4BEBB0}"
EndProject
Project("{FAE04EC0-301F-11D3-BF4B-00C04F79EFBC}") = "LulaTracker.Infrastructure", "LulaTracker.Infrastructure\LulaTracker.Infrastructure.csproj", "{B4D97ED4-8E5B-4903-B97C-FE4CB8222A78}"
EndProject
Project("{FAE04EC0-301F-11D3-BF4B-00C04F79EFBC}") = "LulaTracker.WebAPI", "LulaTracker.WebAPI\LulaTracker.WebAPI.csproj", "{E378915E-461B-4304-9F1B-E43764AE6EEB}"
EndProject
Global
	GlobalSection(SolutionConfigurationPlatforms) = preSolution
		Debug|Any CPU = Debug|Any CPU
		Release|Any CPU = Release|Any CPU
	EndGlobalSection
	GlobalSection(ProjectConfigurationPlatforms) = postSolution
		{AD88376B-17C5-4FA2-92BE-BC980F8A2FA5}.Debug|Any CPU.ActiveCfg = Debug|Any CPU
		{AD88376B-17C5-4FA2-92BE-BC980F8A2FA5}.Debug|Any CPU.Build.0 = Debug|Any CPU
		{AD88376B-17C5-4FA2-92BE-BC980F8A2FA5}.Release|Any CPU.ActiveCfg = Release|Any CPU
		{AD88376B-17C5-4FA2-92BE-BC980F8A2FA5}.Release|Any CPU.Build.0 = Release|Any CPU
		{5B9F90D4-3E5C-4C08-859F-22387B35CD23}.Debug|Any CPU.ActiveCfg = Debug|Any CPU
		{5B9F90D4-3E5C-4C08-859F-22387B35CD23}.Debug|Any CPU.Build.0 = Debug|Any CPU
		{5B9F90D4-3E5C-4C08-859F-22387B35CD23}.Release|Any CPU.ActiveCfg = Release|Any CPU
		{5B9F90D4-3E5C-4C08-859F-22387B35CD23}.Release|Any CPU.Build.0 = Release|Any CPU
		{15DEA05A-F457-4882-B019-95BADF4BEBB0}.Debug|Any CPU.ActiveCfg = Debug|Any CPU
		{15DEA05A-F457-4882-B019-95BADF4BEBB0}.Debug|Any CPU.Build.0 = Debug|Any CPU
		{15DEA05A-F457-4882-B019-95BADF4BEBB0}.Release|Any CPU.ActiveCfg = Release|Any CPU
		{15DEA05A-F457-4882-B019-95BADF4BEBB0}.Release|Any CPU.Build.0 = Release|Any CPU
		{B4D97ED4-8E5B-4903-B97C-FE4CB8222A78}.Debug|Any CPU.ActiveCfg = Debug|Any CPU
		{B4D97ED4-8E5B-4903-B97C-FE4CB8222A78}.Debug|Any CPU.Build.0 = Debug|Any CPU
		{B4D97ED4-8E5B-4903-B97C-FE4CB8222A78}.Release|Any CPU.ActiveCfg = Release|Any CPU
		{B4D97ED4-8E5B-4903-B97C-FE4CB8222A78}.Release|Any CPU.Build.0 = Release|Any CPU
		{E378915E-461B-4304-9F1B-E43764AE6EEB}.Debug|Any CPU.ActiveCfg = Debug|Any CPU
		{E378915E-461B-4304-9F1B-E43764AE6EEB}.Debug|Any CPU.Build.0 = Debug|Any CPU
		{E378915E-461B-4304-9F1B-E43764AE6EEB}.Release|Any CPU.ActiveCfg = Release|Any CPU
		{E378915E-461B-4304-9F1B-E43764AE6EEB}.Release|Any CPU.Build.0 = Release|Any CPU
	EndGlobalSection
EndGlobal
